# This file was autogenerated by Stack.
# You should not edit this file by hand.
# For more information, please see the documentation at:
#   https://docs.haskellstack.org/en/stable/lock_files

packages:
- completed:
    hackage: deburr-0.1.0.1@sha256:165ae1b143ce573b5da4663bd758b6b7096b2396d45f36c8b4750c23a3056029,1326
    pantry-tree:
      size: 310
      sha256: ee5e70ac1e20d21122267fc5553d1a81669c20eafa41d3492f44a2c452915425
  original:
    hackage: deburr-0.1.0.1
snapshots: []
